
Microsoft Visual Studio Solution File, Format Version 12.00
# Visual Studio Version 17
VisualStudioVersion = 17.14.36518.9 d17.14
MinimumVisualStudioVersion = 10.0.40219.1
Project("{FAE04EC0-301F-11D3-BF4B-00C04F79EFBC}") = "WpfSignalApp", "WpfSignalApp\WpfSignalApp.csproj", "{0A080FFC-2BF5-4B07-8D10-A9C9C1EDD94B}"
EndProject
Global
	GlobalSection(SolutionConfigurationPlatforms) = preSolution
		Debug|Any CPU = Debug|Any CPU
		Release|Any CPU = Release|Any CPU
	EndGlobalSection
	GlobalSection(ProjectConfigurationPlatforms) = postSolution
		{0A080FFC-2BF5-4B07-8D10-A9C9C1EDD94B}.Debug|Any CPU.ActiveCfg = Debug|Any CPU
		{0A080FFC-2BF5-4B07-8D10-A9C9C1EDD94B}.Debug|Any CPU.Build.0 = Debug|Any CPU
		{0A080FFC-2BF5-4B07-8D10-A9C9C1EDD94B}.Release|Any CPU.ActiveCfg = Release|Any CPU
		{0A080FFC-2BF5-4B07-8D10-A9C9C1EDD94B}.Release|Any CPU.Build.0 = Release|Any CPU
	EndGlobalSection
	GlobalSection(SolutionProperties) = preSolution
		HideSolutionNode = FALSE
	EndGlobalSection
	GlobalSection(ExtensibilityGlobals) = postSolution
		SolutionGuid = {A8F5927A-8CC2-4154-BCF0-DD789DB62BE4}
	EndGlobalSection
EndGlobal
